
Microsoft Visual Studio Solution File, Format Version 12.00
# Visual Studio Version 17
VisualStudioVersion = 17.11.35327.3
MinimumVisualStudioVersion = 10.0.40219.1
Project("{8BC9CEB8-8B4A-11D0-8D11-00A0C91BC942}") = "Bellman", "Bellman\Bellman.vcxproj", "{5BFA218A-F525-44CE-A69B-DCD1A34263D1}"
EndProject
Global
	GlobalSection(SolutionConfigurationPlatforms) = preSolution
		Debug|x64 = Debug|x64
		Debug|x86 = Debug|x86
		Release|x64 = Release|x64
		Release|x86 = Release|x86
	EndGlobalSection
	GlobalSection(ProjectConfigurationPlatforms) = postSolution
		{5BFA218A-F525-44CE-A69B-DCD1A34263D1}.Debug|x64.ActiveCfg = Debug|x64
		{5BFA218A-F525-44CE-A69B-DCD1A34263D1}.Debug|x64.Build.0 = Debug|x64
		{5BFA218A-F525-44CE-A69B-DCD1A34263D1}.Debug|x86.ActiveCfg = Debug|Win32
		{5BFA218A-F525-44CE-A69B-DCD1A34263D1}.Debug|x86.Build.0 = Debug|Win32
		{5BFA218A-F525-44CE-A69B-DCD1A34263D1}.Release|x64.ActiveCfg = Release|x64
		{5BFA218A-F525-44CE-A69B-DCD1A34263D1}.Release|x64.Build.0 = Release|x64
		{5BFA218A-F525-44CE-A69B-DCD1A34263D1}.Release|x86.ActiveCfg = Release|Win32
		{5BFA218A-F525-44CE-A69B-DCD1A34263D1}.Release|x86.Build.0 = Release|Win32
	EndGlobalSection
	GlobalSection(SolutionProperties) = preSolution
		HideSolutionNode = FALSE
	EndGlobalSection
	GlobalSection(ExtensibilityGlobals) = postSolution
		SolutionGuid = {A2C81619-B4A0-4FEB-8DE0-5C85F8E42946}
	EndGlobalSection
EndGlobal
